// !$*UTF8*$!
{
	archiveVersion = 1;
	classes = {
	};
	objectVersion = 50;
	objects = {

/* Begin PBXBuildFile section */
		FAB64AE026F121C100055126 /* State_and_DataFlowApp.swift in Sources */ = {isa = PBXBuildFile; fileRef = FAB64ADF26F121C100055126 /* State_and_DataFlowApp.swift */; };
		FAB64AE226F121C100055126 /* ContentView.swift in Sources */ = {isa = PBXBuildFile; fileRef = FAB64AE126F121C100055126 /* ContentView.swift */; };
		FAB64AE426F121C800055126 /* Assets.xcassets in Resources */ = {isa = PBXBuildFile; fileRef = FAB64AE326F121C800055126 /* Assets.xcassets */; };
		FAB64AE726F121C800055126 /* Preview Assets.xcassets in Resources */ = {isa = PBXBuildFile; fileRef = FAB64AE626F121C800055126 /* Preview Assets.xcassets */; };
		FAB64AEF26F1250800055126 /* TimeCounter.swift in Sources */ = {isa = PBXBuildFile; fileRef = FAB64AEE26F1250800055126 /* TimeCounter.swift */; };
		FAB64AF126F12DA600055126 /* RegisterView.swift in Sources */ = {isa = PBXBuildFile; fileRef = FAB64AF026F12DA600055126 /* RegisterView.swift */; };
		FAB64AF326F12E6000055126 /* UserManager.swift in Sources */ = {isa = PBXBuildFile; fileRef = FAB64AF226F12E6000055126 /* UserManager.swift */; };
		FAB64AF526F1300400055126 /* StarterView.swift in Sources */ = {isa = PBXBuildFile; fileRef = FAB64AF426F1300400055126 /* StarterView.swift */; };
		FAF5E73126F268B5000FCDB1 /* CharCounter.swift in Sources */ = {isa = PBXBuildFile; fileRef = FAF5E73026F268B5000FCDB1 /* CharCounter.swift */; };
/* End PBXBuildFile section */

/* Begin PBXFileReference section */
		FAB64ADC26F121C100055126 /* State and DataFlow.app */ = {isa = PBXFileReference; explicitFileType = wrapper.application; includeInIndex = 0; path = "State and DataFlow.app"; sourceTree = BUILT_PRODUCTS_DIR; };
		FAB64ADF26F121C100055126 /* State_and_DataFlowApp.swift */ = {isa = PBXFileReference; lastKnownFileType = sourcecode.swift; path = State_and_DataFlowApp.swift; sourceTree = "<group>"; };
		FAB64AE126F121C100055126 /* ContentView.swift */ = {isa = PBXFileReference; lastKnownFileType = sourcecode.swift; path = ContentView.swift; sourceTree = "<group>"; };
		FAB64AE326F121C800055126 /* Assets.xcassets */ = {isa = PBXFileReference; lastKnownFileType = folder.assetcatalog; path = Assets.xcassets; sourceTree = "<group>"; };
		FAB64AE626F121C800055126 /* Preview Assets.xcassets */ = {isa = PBXFileReference; lastKnownFileType = folder.assetcatalog; path = "Preview Assets.xcassets"; sourceTree = "<group>"; };
		FAB64AE826F121C800055126 /* Info.plist */ = {isa = PBXFileReference; lastKnownFileType = text.plist.xml; path = Info.plist; sourceTree = "<group>"; };
		FAB64AEE26F1250800055126 /* TimeCounter.swift */ = {isa = PBXFileReference; lastKnownFileType = sourcecode.swift; path = TimeCounter.swift; sourceTree = "<group>"; };
		FAB64AF026F12DA600055126 /* RegisterView.swift */ = {isa = PBXFileReference; lastKnownFileType = sourcecode.swift; path = RegisterView.swift; sourceTree = "<group>"; };
		FAB64AF226F12E6000055126 /* UserManager.swift */ = {isa = PBXFileReference; lastKnownFileType = sourcecode.swift; path = UserManager.swift; sourceTree = "<group>"; };
		FAB64AF426F1300400055126 /* StarterView.swift */ = {isa = PBXFileReference; lastKnownFileType = sourcecode.swift; path = StarterView.swift; sourceTree = "<group>"; };
		FAF5E73026F268B5000FCDB1 /* CharCounter.swift */ = {isa = PBXFileReference; lastKnownFileType = sourcecode.swift; path = CharCounter.swift; sourceTree = "<group>"; };
/* End PBXFileReference section */

/* Begin PBXFrameworksBuildPhase section */
		FAB64AD926F121C100055126 /* Frameworks */ = {
			isa = PBXFrameworksBuildPhase;
			buildActionMask = 2147483647;
			files = (
			);
			runOnlyForDeploymentPostprocessing = 0;
		};
/* End PBXFrameworksBuildPhase section */

/* Begin PBXGroup section */
		FAB64AD326F121C100055126 = {
			isa = PBXGroup;
			children = (
				FAB64ADE26F121C100055126 /* State and DataFlow */,
				FAB64ADD26F121C100055126 /* Products */,
			);
			sourceTree = "<group>";
		};
		FAB64ADD26F121C100055126 /* Products */ = {
			isa = PBXGroup;
			children = (
				FAB64ADC26F121C100055126 /* State and DataFlow.app */,
			);
			name = Products;
			sourceTree = "<group>";
		};
		FAB64ADE26F121C100055126 /* State and DataFlow */ = {
			isa = PBXGroup;
			children = (
				FAB64ADF26F121C100055126 /* State_and_DataFlowApp.swift */,
				FAB64AE126F121C100055126 /* ContentView.swift */,
				FAF5E73026F268B5000FCDB1 /* CharCounter.swift */,
				FAB64AF026F12DA600055126 /* RegisterView.swift */,
				FAB64AF426F1300400055126 /* StarterView.swift */,
				FAB64AF226F12E6000055126 /* UserManager.swift */,
				FAB64AEE26F1250800055126 /* TimeCounter.swift */,
				FAB64AE326F121C800055126 /* Assets.xcassets */,
				FAB64AE826F121C800055126 /* Info.plist */,
				FAB64AE526F121C800055126 /* Preview Content */,
			);
			path = "State and DataFlow";
			sourceTree = "<group>";
		};
		FAB64AE526F121C800055126 /* Preview Content */ = {
			isa = PBXGroup;
			children = (
				FAB64AE626F121C800055126 /* Preview Assets.xcassets */,
			);
			path = "Preview Content";
			sourceTree = "<group>";
		};
/* End PBXGroup section */

/* Begin PBXNativeTarget section */
		FAB64ADB26F121C100055126 /* State and DataFlow */ = {
			isa = PBXNativeTarget;
			buildConfigurationList = FAB64AEB26F121C800055126 /* Build configuration list for PBXNativeTarget "State and DataFlow" */;
			buildPhases = (
				FAB64AD826F121C100055126 /* Sources */,
				FAB64AD926F121C100055126 /* Frameworks */,
				FAB64ADA26F121C100055126 /* Resources */,
			);
			buildRules = (
			);
			dependencies = (
			);
			name = "State and DataFlow";
			productName = "State and DataFlow";
			productReference = FAB64ADC26F121C100055126 /* State and DataFlow.app */;
			productType = "com.apple.product-type.application";
		};
/* End PBXNativeTarget section */

/* Begin PBXProject section */
		FAB64AD426F121C100055126 /* Project object */ = {
			isa = PBXProject;
			attributes = {
				LastSwiftUpdateCheck = 1250;
				LastUpgradeCheck = 1250;
				TargetAttributes = {
					FAB64ADB26F121C100055126 = {
						CreatedOnToolsVersion = 12.5.1;
					};
				};
			};
			buildConfigurationList = FAB64AD726F121C100055126 /* Build configuration list for PBXProject "State and DataFlow" */;
			compatibilityVersion = "Xcode 9.3";
			developmentRegion = en;
			hasScannedForEncodings = 0;
			knownRegions = (
				en,
				Base,
			);
			mainGroup = FAB64AD326F121C100055126;
			productRefGroup = FAB64ADD26F121C100055126 /* Products */;
			projectDirPath = "";
			projectRoot = "";
			targets = (
				FAB64ADB26F121C100055126 /* State and DataFlow */,
			);
		};
/* End PBXProject section */

/* Begin PBXResourcesBuildPhase section */
		FAB64ADA26F121C100055126 /* Resources */ = {
			isa = PBXResourcesBuildPhase;
			buildActionMask = 2147483647;
			files = (
				FAB64AE726F121C800055126 /* Preview Assets.xcassets in Resources */,
				FAB64AE426F121C800055126 /* Assets.xcassets in Resources */,
			);
			runOnlyForDeploymentPostprocessing = 0;
		};
/* End PBXResourcesBuildPhase section */

/* Begin PBXSourcesBuildPhase section */
		FAB64AD826F121C100055126 /* Sources */ = {
			isa = PBXSourcesBuildPhase;
			buildActionMask = 2147483647;
			files = (
				FAB64AEF26F1250800055126 /* TimeCounter.swift in Sources */,
				FAB64AF126F12DA600055126 /* RegisterView.swift in Sources */,
				FAF5E73126F268B5000FCDB1 /* CharCounter.swift in Sources */,
				FAB64AF526F1300400055126 /* StarterView.swift in Sources */,
				FAB64AE226F121C100055126 /* ContentView.swift in Sources */,
				FAB64AF326F12E6000055126 /* UserManager.swift in Sources */,
				FAB64AE026F121C100055126 /* State_and_DataFlowApp.swift in Sources */,
			);
			runOnlyForDeploymentPostprocessing = 0;
		};
/* End PBXSourcesBuildPhase section */

/* Begin XCBuildConfiguration section */
		FAB64AE926F121C800055126 /* Debug */ = {
			isa = XCBuildConfiguration;
			buildSettings = {
				ALWAYS_SEARCH_USER_PATHS = NO;
				CLANG_ANALYZER_NONNULL = YES;
				CLANG_ANALYZER_NUMBER_OBJECT_CONVERSION = YES_AGGRESSIVE;
				CLANG_CXX_LANGUAGE_STANDARD = "gnu++14";
				CLANG_CXX_LIBRARY = "libc++";
				CLANG_ENABLE_MODULES = YES;
				CLANG_ENABLE_OBJC_ARC = YES;
				CLANG_ENABLE_OBJC_WEAK = YES;
				CLANG_WARN_BLOCK_CAPTURE_AUTORELEASING = YES;
				CLANG_WARN_BOOL_CONVERSION = YES;
				CLANG_WARN_COMMA = YES;
				CLANG_WARN_CONSTANT_CONVERSION = YES;
				CLANG_WARN_DEPRECATED_OBJC_IMPLEMENTATIONS = YES;
				CLANG_WARN_DIRECT_OBJC_ISA_USAGE = YES_ERROR;
				CLANG_WARN_DOCUMENTATION_COMMENTS = YES;
				CLANG_WARN_EMPTY_BODY = YES;
				CLANG_WARN_ENUM_CONVERSION = YES;
				CLANG_WARN_INFINITE_RECURSION = YES;
				CLANG_WARN_INT_CONVERSION = YES;
				CLANG_WARN_NON_LITERAL_NULL_CONVERSION = YES;
				CLANG_WARN_OBJC_IMPLICIT_RETAIN_SELF = YES;
				CLANG_WARN_OBJC_LITERAL_CONVERSION = YES;
				CLANG_WARN_OBJC_ROOT_CLASS = YES_ERROR;
				CLANG_WARN_QUOTED_INCLUDE_IN_FRAMEWORK_HEADER = YES;
				CLANG_WARN_RANGE_LOOP_ANALYSIS = YES;
				CLANG_WARN_STRICT_PROTOTYPES = YES;
				CLANG_WARN_SUSPICIOUS_MOVE = YES;
				CLANG_WARN_UNGUARDED_AVAILABILITY = YES_AGGRESSIVE;
				CLANG_WARN_UNREACHABLE_CODE = YES;
				CLANG_WARN__DUPLICATE_METHOD_MATCH = YES;
				COPY_PHASE_STRIP = NO;
				DEBUG_INFORMATION_FORMAT = dwarf;
				ENABLE_STRICT_OBJC_MSGSEND = YES;
				ENABLE_TESTABILITY = YES;
				GCC_C_LANGUAGE_STANDARD = gnu11;
				GCC_DYNAMIC_NO_PIC = NO;
				GCC_NO_COMMON_BLOCKS = YES;
				GCC_OPTIMIZATION_LEVEL = 0;
				GCC_PREPROCESSOR_DEFINITIONS = (
					"DEBUG=1",
					"$(inherited)",
				);
				GCC_WARN_64_TO_32_BIT_CONVERSION = YES;
				GCC_WARN_ABOUT_RETURN_TYPE = YES_ERROR;
				GCC_WARN_UNDECLARED_SELECTOR = YES;
				GCC_WARN_UNINITIALIZED_AUTOS = YES_AGGRESSIVE;
				GCC_WARN_UNUSED_FUNCTION = YES;
				GCC_WARN_UNUSED_VARIABLE = YES;
				IPHONEOS_DEPLOYMENT_TARGET = 14.5;
				MTL_ENABLE_DEBUG_INFO = INCLUDE_SOURCE;
				MTL_FAST_MATH = YES;
				ONLY_ACTIVE_ARCH = YES;
				SDKROOT = iphoneos;
				SWIFT_ACTIVE_COMPILATION_CONDITIONS = DEBUG;
				SWIFT_OPTIMIZATION_LEVEL = "-Onone";
			};
			name = Debug;
		};
		FAB64AEA26F121C800055126 /* Release */ = {
			isa = XCBuildConfiguration;
			buildSettings = {
				ALWAYS_SEARCH_USER_PATHS = NO;
				CLANG_ANALYZER_NONNULL = YES;
				CLANG_ANALYZER_NUMBER_OBJECT_CONVERSION = YES_AGGRESSIVE;
				CLANG_CXX_LANGUAGE_STANDARD = "gnu++14";
				CLANG_CXX_LIBRARY = "libc++";
				CLANG_ENABLE_MODULES = YES;
				CLANG_ENABLE_OBJC_ARC = YES;
				CLANG_ENABLE_OBJC_WEAK = YES;
				CLANG_WARN_BLOCK_CAPTURE_AUTORELEASING = YES;
				CLANG_WARN_BOOL_CONVERSION = YES;
				CLANG_WARN_COMMA = YES;
				CLANG_WARN_CONSTANT_CONVERSION = YES;
				CLANG_WARN_DEPRECATED_OBJC_IMPLEMENTATIONS = YES;
				CLANG_WARN_DIRECT_OBJC_ISA_USAGE = YES_ERROR;
				CLANG_WARN_DOCUMENTATION_COMMENTS = YES;
				CLANG_WARN_EMPTY_BODY = YES;
				CLANG_WARN_ENUM_CONVERSION = YES;
				CLANG_WARN_INFINITE_RECURSION = YES;
				CLANG_WARN_INT_CONVERSION = YES;
				CLANG_WARN_NON_LITERAL_NULL_CONVERSION = YES;
				CLANG_WARN_OBJC_IMPLICIT_RETAIN_SELF = YES;
				CLANG_WARN_OBJC_LITERAL_CONVERSION = YES;
				CLANG_WARN_OBJC_ROOT_CLASS = YES_ERROR;
				CLANG_WARN_QUOTED_INCLUDE_IN_FRAMEWORK_HEADER = YES;
				CLANG_WARN_RANGE_LOOP_ANALYSIS = YES;
				CLANG_WARN_STRICT_PROTOTYPES = YES;
				CLANG_WARN_SUSPICIOUS_MOVE = YES;
				CLANG_WARN_UNGUARDED_AVAILABILITY = YES_AGGRESSIVE;
				CLANG_WARN_UNREACHABLE_CODE = YES;
				CLANG_WARN__DUPLICATE_METHOD_MATCH = YES;
				COPY_PHASE_STRIP = NO;
				DEBUG_INFORMATION_FORMAT = "dwarf-with-dsym";
				ENABLE_NS_ASSERTIONS = NO;
				ENABLE_STRICT_OBJC_MSGSEND = YES;
				GCC_C_LANGUAGE_STANDARD = gnu11;
				GCC_NO_COMMON_BLOCKS = YES;
				GCC_WARN_64_TO_32_BIT_CONVERSION = YES;
				GCC_WARN_ABOUT_RETURN_TYPE = YES_ERROR;
				GCC_WARN_UNDECLARED_SELECTOR = YES;
				GCC_WARN_UNINITIALIZED_AUTOS = YES_AGGRESSIVE;
				GCC_WARN_UNUSED_FUNCTION = YES;
				GCC_WARN_UNUSED_VARIABLE = YES;
				IPHONEOS_DEPLOYMENT_TARGET = 14.5;
				MTL_ENABLE_DEBUG_INFO = NO;
				MTL_FAST_MATH = YES;
				SDKROOT = iphoneos;
				SWIFT_COMPILATION_MODE = wholemodule;
				SWIFT_OPTIMIZATION_LEVEL = "-O";
				VALIDATE_PRODUCT = YES;
			};
			name = Release;
		};
		FAB64AEC26F121C800055126 /* Debug */ = {
			isa = XCBuildConfiguration;
			buildSettings = {
				ASSETCATALOG_COMPILER_APPICON_NAME = AppIcon;
				ASSETCATALOG_COMPILER_GLOBAL_ACCENT_COLOR_NAME = AccentColor;
				CODE_SIGN_STYLE = Automatic;
				DEVELOPMENT_ASSET_PATHS = "\"State and DataFlow/Preview Content\"";
				DEVELOPMENT_TEAM = S3TXMX6C6U;
				ENABLE_PREVIEWS = YES;
				INFOPLIST_FILE = "State and DataFlow/Info.plist";
				IPHONEOS_DEPLOYMENT_TARGET = 14.0;
				LD_RUNPATH_SEARCH_PATHS = (
					"$(inherited)",
					"@executable_path/Frameworks",
				);
				PRODUCT_BUNDLE_IDENTIFIER = "com.karpinetsalexander.State-and-DataFlow";
				PRODUCT_NAME = "$(TARGET_NAME)";
				SWIFT_VERSION = 5.0;
				TARGETED_DEVICE_FAMILY = "1,2";
			};
			name = Debug;
		};
		FAB64AED26F121C800055126 /* Release */ = {
			isa = XCBuildConfiguration;
			buildSettings = {
				ASSETCATALOG_COMPILER_APPICON_NAME = AppIcon;
				ASSETCATALOG_COMPILER_GLOBAL_ACCENT_COLOR_NAME = AccentColor;
				CODE_SIGN_STYLE = Automatic;
				DEVELOPMENT_ASSET_PATHS = "\"State and DataFlow/Preview Content\"";
				DEVELOPMENT_TEAM = S3TXMX6C6U;
				ENABLE_PREVIEWS = YES;
				INFOPLIST_FILE = "State and DataFlow/Info.plist";
				IPHONEOS_DEPLOYMENT_TARGET = 14.0;
				LD_RUNPATH_SEARCH_PATHS = (
					"$(inherited)",
					"@executable_path/Frameworks",
				);
				PRODUCT_BUNDLE_IDENTIFIER = "com.karpinetsalexander.State-and-DataFlow";
				PRODUCT_NAME = "$(TARGET_NAME)";
				SWIFT_VERSION = 5.0;
				TARGETED_DEVICE_FAMILY = "1,2";
			};
			name = Release;
		};
/* End XCBuildConfiguration section */

/* Begin XCConfigurationList section */
		FAB64AD726F121C100055126 /* Build configuration list for PBXProject "State and DataFlow" */ = {
			isa = XCConfigurationList;
			buildConfigurations = (
				FAB64AE926F121C800055126 /* Debug */,
				FAB64AEA26F121C800055126 /* Release */,
			);
			defaultConfigurationIsVisible = 0;
			defaultConfigurationName = Release;
		};
		FAB64AEB26F121C800055126 /* Build configuration list for PBXNativeTarget "State and DataFlow" */ = {
			isa = XCConfigurationList;
			buildConfigurations = (
				FAB64AEC26F121C800055126 /* Debug */,
				FAB64AED26F121C800055126 /* Release */,
			);
			defaultConfigurationIsVisible = 0;
			defaultConfigurationName = Release;
		};
/* End XCConfigurationList section */
	};
	rootObject = FAB64AD426F121C100055126 /* Project object */;
}
